{
  "nodes": {
    "ags": {
      "inputs": {
        "astal": "astal",
        "nixpkgs": [
          "astal-shell",
          "nixpkgs"
        ]
      },
      "locked": {
        "lastModified": 1757330146,
        "narHash": "sha256-ujlZerjj0ouA63nftpoHF/tA+xE5gDJZVBuuZP6YS+Q=",
        "owner": "aylur",
        "repo": "ags",
        "rev": "5347d21c2289df157e91e297daa37572e0d277b5",
        "type": "github"
      },
      "original": {
        "owner": "aylur",
        "repo": "ags",
        "type": "github"
      }
    },
    "astal": {
      "inputs": {
        "nixpkgs": [
          "astal-shell",
          "ags",
          "nixpkgs"
        ]
      },
      "locked": {
        "lastModified": 1756474652,
        "narHash": "sha256-iiBU6itpEqE0spXeNJ3uJTfioSyKYjt5bNepykpDXTE=",
        "owner": "aylur",
        "repo": "astal",
        "rev": "20bd8318e4136fbd3d4eb2d64dbabc3acbc915dd",
        "type": "github"
      },
      "original": {
        "owner": "aylur",
        "repo": "astal",
        "type": "github"
      }
    },
    "astal-shell": {
      "inputs": {
        "ags": "ags",
        "nixpkgs": "nixpkgs"
      },
      "locked": {
        "lastModified": 1758227922,
        "narHash": "sha256-eJyX7Lt/hq4oLdAd1jVGz+2RneMhC7JLfRWNjMiqKB8=",
        "owner": "knoopx",
        "repo": "astal-shell",
        "rev": "1e6aa1981901c7c3454de3d1ab615cec6992c45e",
        "type": "github"
      },
      "original": {
        "owner": "knoopx",
        "repo": "astal-shell",
        "type": "github"
      }
    },
    "base16": {
      "inputs": {
        "fromYaml": "fromYaml"
      },
      "locked": {
        "lastModified": 1755819240,
        "narHash": "sha256-qcMhnL7aGAuFuutH4rq9fvAhCpJWVHLcHVZLtPctPlo=",
        "owner": "SenchoPens",
        "repo": "base16.nix",
        "rev": "75ed5e5e3fce37df22e49125181fa37899c3ccd6",
        "type": "github"
      },
      "original": {
        "owner": "SenchoPens",
        "repo": "base16.nix",
        "type": "github"
      }
    },
    "base16-fish": {
      "flake": false,
      "locked": {
        "lastModified": 1622559957,
        "narHash": "sha256-PebymhVYbL8trDVVXxCvZgc0S5VxI7I1Hv4RMSquTpA=",
        "owner": "tomyun",
        "repo": "base16-fish",
        "rev": "2f6dd973a9075dabccd26f1cded09508180bf5fe",
        "type": "github"
      },
      "original": {
        "owner": "tomyun",
        "repo": "base16-fish",
        "type": "github"
      }
    },
    "base16-helix": {
      "flake": false,
      "locked": {
        "lastModified": 1752979451,
        "narHash": "sha256-0CQM+FkYy0fOO/sMGhOoNL80ftsAzYCg9VhIrodqusM=",
        "owner": "tinted-theming",
        "repo": "base16-helix",
        "rev": "27cf1e66e50abc622fb76a3019012dc07c678fac",
        "type": "github"
      },
      "original": {
        "owner": "tinted-theming",
        "repo": "base16-helix",
        "type": "github"
      }
    },
    "base16-vim": {
      "flake": false,
      "locked": {
        "lastModified": 1732806396,
        "narHash": "sha256-e0bpPySdJf0F68Ndanwm+KWHgQiZ0s7liLhvJSWDNsA=",
        "owner": "tinted-theming",
        "repo": "base16-vim",
        "rev": "577fe8125d74ff456cf942c733a85d769afe58b7",
        "type": "github"
      },
      "original": {
        "owner": "tinted-theming",
        "repo": "base16-vim",
        "rev": "577fe8125d74ff456cf942c733a85d769afe58b7",
        "type": "github"
      }
    },
    "blueprint": {
      "inputs": {
        "nixpkgs": [
          "nix-ai-tools",
          "nixpkgs"
        ],
        "systems": "systems"
      },
      "locked": {
        "lastModified": 1758687491,
        "narHash": "sha256-sy8Q+MfBe+MZzYj4MJwBDe4lkLnmhy1POO86hWZgqO8=",
        "owner": "numtide",
        "repo": "blueprint",
        "rev": "7ecaeb70f63d14a397c73b38f57177894bb795c8",
        "type": "github"
      },
      "original": {
        "owner": "numtide",
        "repo": "blueprint",
        "type": "github"
      }
    },
    "caelestia-cli": {
      "inputs": {
        "caelestia-shell": "caelestia-shell",
        "nixpkgs": [
          "nixpkgs"
        ]
      },
      "locked": {
        "lastModified": 1759542305,
        "narHash": "sha256-ODiAXnQWTSSc0j2fkJ0JQBdjQktfcBTX//legwStGns=",
        "owner": "caelestia-dots",
        "repo": "cli",
        "rev": "ebbd636b7962fa7fe41d406dcd1088958715161e",
        "type": "github"
      },
      "original": {
        "owner": "caelestia-dots",
        "repo": "cli",
        "type": "github"
      }
    },
    "caelestia-cli_2": {
      "inputs": {
        "caelestia-shell": [
          "caelestia-shell"
        ],
        "nixpkgs": [
          "caelestia-shell",
          "nixpkgs"
        ]
      },
      "locked": {
        "lastModified": 1758937572,
        "narHash": "sha256-9kz/tV6Mc53rSYBvsh6jw1kBBlhAYZdj0yovFE5sFaw=",
        "owner": "caelestia-dots",
        "repo": "cli",
        "rev": "1de7da5f2ba366a7dab54f6f4315e5bc4ff5d823",
        "type": "github"
      },
      "original": {
        "owner": "caelestia-dots",
        "repo": "cli",
        "type": "github"
      }
    },
    "caelestia-shell": {
      "inputs": {
        "caelestia-cli": [
          "caelestia-cli"
        ],
        "nixpkgs": [
          "caelestia-cli",
          "nixpkgs"
        ],
        "quickshell": "quickshell"
      },
      "locked": {
        "lastModified": 1759472774,
        "narHash": "sha256-tuPK/8PdoFjO9G50Cp0l6gN8REzNEYdVLJNsrcOy4o4=",
        "owner": "caelestia-dots",
        "repo": "shell",
        "rev": "1075a7e97d5d9b621e02b5b70cbe4af739a2da4d",
        "type": "github"
      },
      "original": {
        "owner": "caelestia-dots",
        "repo": "shell",
        "type": "github"
      }
    },
    "caelestia-shell_2": {
      "inputs": {
        "caelestia-cli": "caelestia-cli_2",
        "nixpkgs": [
          "nixpkgs"
        ],
        "quickshell": "quickshell_2"
      },
      "locked": {
        "lastModified": 1759472774,
        "narHash": "sha256-tuPK/8PdoFjO9G50Cp0l6gN8REzNEYdVLJNsrcOy4o4=",
        "owner": "caelestia-dots",
        "repo": "shell",
        "rev": "1075a7e97d5d9b621e02b5b70cbe4af739a2da4d",
        "type": "github"
      },
      "original": {
        "owner": "caelestia-dots",
        "repo": "shell",
        "type": "github"
      }
    },
    "chaotic": {
      "inputs": {
        "flake-schemas": "flake-schemas",
        "home-manager": "home-manager",
        "jovian": "jovian",
        "nixpkgs": "nixpkgs_2",
        "rust-overlay": "rust-overlay"
      },
      "locked": {
        "lastModified": 1759532138,
        "narHash": "sha256-sLQIlgDwMP3mEY2PwjGW+cL56QQ2n2WXoZ3GpG5QWOY=",
        "owner": "chaotic-cx",
        "repo": "nyx",
        "rev": "bad02bbca5b5c6d45539a0d740ad0e21b1ba9afc",
        "type": "github"
      },
      "original": {
        "owner": "chaotic-cx",
        "ref": "nyxpkgs-unstable",
        "repo": "nyx",
        "type": "github"
      }
    },
    "dankMaterialShell": {
      "inputs": {
        "dgop": "dgop",
        "dms-cli": "dms-cli",
        "nixpkgs": [
          "nixpkgs"
        ],
        "quickshell": "quickshell_3"
      },
      "locked": {
        "lastModified": 1759580629,
        "narHash": "sha256-d54T3JkNOp1TRvwbhj9r6SfHvKuePMkz5H970tNG7zo=",
        "owner": "AvengeMedia",
        "repo": "DankMaterialShell",
        "rev": "7b1026c6246f729b739557f41b3dfc03b6adac66",
        "type": "github"
      },
      "original": {
        "owner": "AvengeMedia",
        "repo": "DankMaterialShell",
        "type": "github"
      }
    },
    "dgop": {
      "inputs": {
        "nixpkgs": [
          "dankMaterialShell",
          "nixpkgs"
        ]
      },
      "locked": {
        "lastModified": 1757252286,
        "narHash": "sha256-QwWQzlxAGvIi6VAc8DQ6ONCKKwtPyaHQW1cQyGbP7Og=",
        "owner": "AvengeMedia",
        "repo": "dgop",
        "rev": "a65a02ddf8bade9c109d055e644e4bd851183bd5",
        "type": "github"
      },
      "original": {
        "owner": "AvengeMedia",
        "repo": "dgop",
        "type": "github"
      }
    },
    "dms-cli": {
      "inputs": {
        "nixpkgs": [
          "dankMaterialShell",
          "nixpkgs"
        ]
      },
      "locked": {
        "lastModified": 1757296630,
        "narHash": "sha256-3H236F5oIKkqpfnwrvZQs4Y5imKb6JCMFGDkHs8VDjQ=",
        "owner": "AvengeMedia",
        "repo": "danklinux",
        "rev": "dac591711ab30d6b071a5cec674a3d2e04665ee1",
        "type": "github"
      },
      "original": {
        "owner": "AvengeMedia",
        "repo": "danklinux",
        "type": "github"
      }
    },
    "firefox-gnome-theme": {
      "flake": false,
      "locked": {
        "lastModified": 1758112371,
        "narHash": "sha256-lizRM2pj6PHrR25yimjyFn04OS4wcdbc38DCdBVa2rk=",
        "owner": "rafaelmardojai",
        "repo": "firefox-gnome-theme",
        "rev": "0909cfe4a2af8d358ad13b20246a350e14c2473d",
        "type": "github"
      },
      "original": {
        "owner": "rafaelmardojai",
        "repo": "firefox-gnome-theme",
        "type": "github"
      }
    },
    "flake-parts": {
      "inputs": {
        "nixpkgs-lib": [
          "nixpkgs"
        ]
      },
      "locked": {
        "lastModified": 1759362264,
        "narHash": "sha256-wfG0S7pltlYyZTM+qqlhJ7GMw2fTF4mLKCIVhLii/4M=",
        "owner": "hercules-ci",
        "repo": "flake-parts",
        "rev": "758cf7296bee11f1706a574c77d072b8a7baa881",
        "type": "github"
      },
      "original": {
        "owner": "hercules-ci",
        "repo": "flake-parts",
        "type": "github"
      }
    },
    "flake-parts_2": {
      "inputs": {
        "nixpkgs-lib": [
          "stylix",
          "nixpkgs"
        ]
      },
      "locked": {
        "lastModified": 1756770412,
        "narHash": "sha256-+uWLQZccFHwqpGqr2Yt5VsW/PbeJVTn9Dk6SHWhNRPw=",
        "owner": "hercules-ci",
        "repo": "flake-parts",
        "rev": "4524271976b625a4a605beefd893f270620fd751",
        "type": "github"
      },
      "original": {
        "owner": "hercules-ci",
        "repo": "flake-parts",
        "type": "github"
      }
    },
    "flake-schemas": {
      "locked": {
        "lastModified": 1721999734,
        "narHash": "sha256-G5CxYeJVm4lcEtaO87LKzOsVnWeTcHGKbKxNamNWgOw=",
        "rev": "0a5c42297d870156d9c57d8f99e476b738dcd982",
        "revCount": 75,
        "type": "tarball",
        "url": "https://api.flakehub.com/f/pinned/DeterminateSystems/flake-schemas/0.1.5/0190ef2f-61e0-794b-ba14-e82f225e55e6/source.tar.gz"
      },
      "original": {
        "type": "tarball",
        "url": "https://flakehub.com/f/DeterminateSystems/flake-schemas/%3D0.1.5.tar.gz"
      }
    },
    "fromYaml": {
      "flake": false,
      "locked": {
        "lastModified": 1731966426,
        "narHash": "sha256-lq95WydhbUTWig/JpqiB7oViTcHFP8Lv41IGtayokA8=",
        "owner": "SenchoPens",
        "repo": "fromYaml",
        "rev": "106af9e2f715e2d828df706c386a685698f3223b",
        "type": "github"
      },
      "original": {
        "owner": "SenchoPens",
        "repo": "fromYaml",
        "type": "github"
      }
    },
    "gnome-shell": {
      "flake": false,
      "locked": {
        "lastModified": 1748186689,
        "narHash": "sha256-UaD7Y9f8iuLBMGHXeJlRu6U1Ggw5B9JnkFs3enZlap0=",
        "owner": "GNOME",
        "repo": "gnome-shell",
        "rev": "8c88f917db0f1f0d80fa55206c863d3746fa18d0",
        "type": "github"
      },
      "original": {
        "owner": "GNOME",
        "ref": "48.2",
        "repo": "gnome-shell",
        "type": "github"
      }
    },
    "home-manager": {
      "inputs": {
        "nixpkgs": [
          "chaotic",
          "nixpkgs"
        ]
      },
      "locked": {
        "lastModified": 1759337100,
        "narHash": "sha256-CcT3QvZ74NGfM+lSOILcCEeU+SnqXRvl1XCRHenZ0Us=",
        "owner": "nix-community",
        "repo": "home-manager",
        "rev": "004753ae6b04c4b18aa07192c1106800aaacf6c3",
        "type": "github"
      },
      "original": {
        "owner": "nix-community",
        "repo": "home-manager",
        "type": "github"
      }
    },
    "home-manager_2": {
      "inputs": {
        "nixpkgs": [
          "nixpkgs"
        ]
      },
      "locked": {
        "lastModified": 1759573136,
        "narHash": "sha256-ILSPD0Dm8p0w0fCVzOx98ZH8yFDrR75GmwmH3fS2VnE=",
        "owner": "nix-community",
        "repo": "home-manager",
        "rev": "5f06ceafc6c9b773a776b9195c3f47bbe1defa43",
        "type": "github"
      },
      "original": {
        "owner": "nix-community",
        "repo": "home-manager",
        "type": "github"
      }
    },
    "home-manager_3": {
      "inputs": {
        "nixpkgs": [
          "zen-browser",
          "nixpkgs"
        ]
      },
      "locked": {
        "lastModified": 1752603129,
        "narHash": "sha256-S+wmHhwNQ5Ru689L2Gu8n1OD6s9eU9n9mD827JNR+kw=",
        "owner": "nix-community",
        "repo": "home-manager",
        "rev": "e8c19a3cec2814c754f031ab3ae7316b64da085b",
        "type": "github"
      },
      "original": {
        "owner": "nix-community",
        "repo": "home-manager",
        "type": "github"
      }
    },
    "impermanence": {
      "locked": {
        "lastModified": 1737831083,
        "narHash": "sha256-LJggUHbpyeDvNagTUrdhe/pRVp4pnS6wVKALS782gRI=",
        "owner": "nix-community",
        "repo": "impermanence",
        "rev": "4b3e914cdf97a5b536a889e939fb2fd2b043a170",
        "type": "github"
      },
      "original": {
        "owner": "nix-community",
        "repo": "impermanence",
        "type": "github"
      }
    },
    "jovian": {
      "inputs": {
        "nix-github-actions": "nix-github-actions",
        "nixpkgs": [
          "chaotic",
          "nixpkgs"
        ]
      },
      "locked": {
        "lastModified": 1759387127,
        "narHash": "sha256-uuwJAP92SkHmnI1zo7rrK/gEuHtb97vFZcMa5w+0SZA=",
        "owner": "Jovian-Experiments",
        "repo": "Jovian-NixOS",
        "rev": "0cc290e05882745060fccfe6d7d073f913e0cce7",
        "type": "github"
      },
      "original": {
        "owner": "Jovian-Experiments",
        "repo": "Jovian-NixOS",
        "type": "github"
      }
    },
    "niri": {
      "inputs": {
        "niri-stable": "niri-stable",
        "niri-unstable": "niri-unstable",
        "nixpkgs": [
          "nixpkgs"
        ],
        "nixpkgs-stable": "nixpkgs-stable",
        "xwayland-satellite-stable": "xwayland-satellite-stable",
        "xwayland-satellite-unstable": "xwayland-satellite-unstable"
      },
      "locked": {
        "lastModified": 1759570525,
        "narHash": "sha256-wQbq5QgzlG10u3TzZDEMjyQdOs8tVyMjKsdks+WKmZQ=",
        "owner": "sodiboo",
        "repo": "niri-flake",
        "rev": "069c3908df7e6caf4eae0eaeba9c1a70ec32ca27",
        "type": "github"
      },
      "original": {
        "owner": "sodiboo",
        "repo": "niri-flake",
        "type": "github"
      }
    },
    "niri-stable": {
      "flake": false,
      "locked": {
        "lastModified": 1756556321,
        "narHash": "sha256-RLD89dfjN0RVO86C/Mot0T7aduCygPGaYbog566F0Qo=",
        "owner": "YaLTeR",
        "repo": "niri",
        "rev": "01be0e65f4eb91a9cd624ac0b76aaeab765c7294",
        "type": "github"
      },
      "original": {
        "owner": "YaLTeR",
        "ref": "v25.08",
        "repo": "niri",
        "type": "github"
      }
    },
    "niri-unstable": {
      "flake": false,
      "locked": {
        "lastModified": 1759395653,
        "narHash": "sha256-sv9J1z6CrTPf9lRJLyCN90fZVdQz7LFeX7pIlInH8BQ=",
        "owner": "YaLTeR",
        "repo": "niri",
        "rev": "ba6e5e082a79901dc89b0d49c5da1b769d652aec",
        "type": "github"
      },
      "original": {
        "owner": "YaLTeR",
        "repo": "niri",
        "type": "github"
      }
    },
    "nix-ai-tools": {
      "inputs": {
        "blueprint": "blueprint",
        "nixpkgs": [
          "nixpkgs"
        ],
        "treefmt-nix": "treefmt-nix"
      },
      "locked": {
        "lastModified": 1759546384,
        "narHash": "sha256-cKzucqPGKsdo2YCU5nSJgehD1l5fnLu+guTID0blyy8=",
        "owner": "numtide",
        "repo": "nix-ai-tools",
        "rev": "1e030cac67361b282309fff8fd5d406c1872f993",
        "type": "github"
      },
      "original": {
        "owner": "numtide",
        "repo": "nix-ai-tools",
        "type": "github"
      }
    },
    "nix-flatpak": {
      "locked": {
        "lastModified": 1739444422,
        "narHash": "sha256-iAVVHi7X3kWORftY+LVbRiStRnQEob2TULWyjMS6dWg=",
        "owner": "gmodena",
        "repo": "nix-flatpak",
        "rev": "5e54c3ca05a7c7d968ae1ddeabe01d2a9bc1e177",
        "type": "github"
      },
      "original": {
        "owner": "gmodena",
        "ref": "latest",
        "repo": "nix-flatpak",
        "type": "github"
      }
    },
    "nix-github-actions": {
      "inputs": {
        "nixpkgs": [
          "chaotic",
          "jovian",
          "nixpkgs"
        ]
      },
      "locked": {
        "lastModified": 1729697500,
        "narHash": "sha256-VFTWrbzDlZyFHHb1AlKRiD/qqCJIripXKiCSFS8fAOY=",
        "owner": "zhaofengli",
        "repo": "nix-github-actions",
        "rev": "e418aeb728b6aa5ca8c5c71974e7159c2df1d8cf",
        "type": "github"
      },
      "original": {
        "owner": "zhaofengli",
        "ref": "matrix-name",
        "repo": "nix-github-actions",
        "type": "github"
      }
    },
    "nix-secrets": {
      "flake": false,
      "locked": {
        "lastModified": 1756217092,
        "narHash": "sha256-095rdPFLQiGRpguia6eQ1oTJleQFe/RX51OCVIqSX7k=",
        "ref": "refs/heads/main",
        "rev": "3e80407a58081e6e2b88fa6b49bd18e970ce3e45",
        "shallow": true,
        "type": "git",
        "url": "ssh://git@github.com/WoLeo-Z/nix-secrets.git"
      },
      "original": {
        "shallow": true,
        "type": "git",
        "url": "ssh://git@github.com/WoLeo-Z/nix-secrets.git"
      }
    },
    "nixpkgs": {
      "locked": {
        "lastModified": 1758035966,
        "narHash": "sha256-qqIJ3yxPiB0ZQTT9//nFGQYn8X/PBoJbofA7hRKZnmE=",
        "owner": "nixos",
        "repo": "nixpkgs",
        "rev": "8d4ddb19d03c65a36ad8d189d001dc32ffb0306b",
        "type": "github"
      },
      "original": {
        "owner": "nixos",
        "ref": "nixos-unstable",
        "repo": "nixpkgs",
        "type": "github"
      }
    },
    "nixpkgs-small": {
      "locked": {
        "lastModified": 1759543899,
        "narHash": "sha256-yu9gsM5Tw4wHxZLSywbyvLnNkn/0qvcQ0r3D5FbIf9w=",
        "owner": "NixOS",
        "repo": "nixpkgs",
        "rev": "6c4f138b35597e4676611e7ea341c251a98112f9",
        "type": "github"
      },
      "original": {
        "owner": "NixOS",
        "ref": "nixos-unstable-small",
        "repo": "nixpkgs",
        "type": "github"
      }
    },
    "nixpkgs-stable": {
      "locked": {
        "lastModified": 1759439645,
        "narHash": "sha256-oiAyQaRilPk525Z5aTtTNWNzSrcdJ7IXM0/PL3CGlbI=",
        "owner": "NixOS",
        "repo": "nixpkgs",
        "rev": "879bd460b3d3e8571354ce172128fbcbac1ed633",
        "type": "github"
      },
      "original": {
        "owner": "NixOS",
        "ref": "nixos-25.05",
        "repo": "nixpkgs",
        "type": "github"
      }
    },
    "nixpkgs_2": {
      "locked": {
        "lastModified": 1759147044,
        "narHash": "sha256-3ZPFytJOcLjTChljeaGgoaNj+tOqzgEpqZAvRe3bU90=",
        "owner": "PedroHLC",
        "repo": "nixpkgs",
        "rev": "18e83bbe13aa50992777832b52bd0e0d8585fb3b",
        "type": "github"
      },
      "original": {
        "owner": "NixOS",
        "ref": "nixos-unstable",
        "repo": "nixpkgs",
        "type": "github"
      }
    },
    "nixpkgs_3": {
      "locked": {
        "lastModified": 1759381078,
        "narHash": "sha256-gTrEEp5gEspIcCOx9PD8kMaF1iEmfBcTbO0Jag2QhQs=",
        "owner": "NixOS",
        "repo": "nixpkgs",
        "rev": "7df7ff7d8e00218376575f0acdcc5d66741351ee",
        "type": "github"
      },
      "original": {
        "owner": "NixOS",
        "ref": "nixos-unstable",
        "repo": "nixpkgs",
        "type": "github"
      }
    },
    "nur": {
      "inputs": {
        "flake-parts": [
          "flake-parts"
        ],
        "nixpkgs": [
          "nixpkgs"
        ]
      },
      "locked": {
        "lastModified": 1759578289,
        "narHash": "sha256-w6+mGGDG1x6SdUfp3g2n2wHDBQFKKd861Nr63BwE0nY=",
        "owner": "nix-community",
        "repo": "NUR",
        "rev": "fc81e15b9422a3457f8b0cb4d8c9a2fc2876fce6",
        "type": "github"
      },
      "original": {
        "owner": "nix-community",
        "repo": "NUR",
        "type": "github"
      }
    },
    "nur_2": {
      "inputs": {
        "flake-parts": [
          "stylix",
          "flake-parts"
        ],
        "nixpkgs": [
          "stylix",
          "nixpkgs"
        ]
      },
      "locked": {
        "lastModified": 1758998580,
        "narHash": "sha256-VLx0z396gDCGSiowLMFz5XRO/XuNV+4EnDYjdJhHvUk=",
        "owner": "nix-community",
        "repo": "NUR",
        "rev": "ba8d9c98f5f4630bcb0e815ab456afd90c930728",
        "type": "github"
      },
      "original": {
        "owner": "nix-community",
        "repo": "NUR",
        "type": "github"
      }
    },
    "quickshell": {
      "inputs": {
        "nixpkgs": [
          "caelestia-cli",
          "caelestia-shell",
          "nixpkgs"
        ]
      },
      "locked": {
        "lastModified": 1758273351,
        "narHash": "sha256-wOv1guIi9THD1NjOtBU2Xh/Avg9xv7nIjsfFSkr1NeQ=",
        "ref": "refs/heads/master",
        "rev": "e9a574d919a89602d2868621576b2ccae54a5cb0",
        "revCount": 675,
        "type": "git",
        "url": "https://git.outfoxxed.me/outfoxxed/quickshell"
      },
      "original": {
        "type": "git",
        "url": "https://git.outfoxxed.me/outfoxxed/quickshell"
      }
    },
    "quickshell_2": {
      "inputs": {
        "nixpkgs": [
          "caelestia-shell",
          "nixpkgs"
        ]
      },
      "locked": {
        "lastModified": 1758273351,
        "narHash": "sha256-wOv1guIi9THD1NjOtBU2Xh/Avg9xv7nIjsfFSkr1NeQ=",
        "ref": "refs/heads/master",
        "rev": "e9a574d919a89602d2868621576b2ccae54a5cb0",
        "revCount": 675,
        "type": "git",
        "url": "https://git.outfoxxed.me/outfoxxed/quickshell"
      },
      "original": {
        "type": "git",
        "url": "https://git.outfoxxed.me/outfoxxed/quickshell"
      }
    },
    "quickshell_3": {
      "inputs": {
        "nixpkgs": [
          "dankMaterialShell",
          "nixpkgs"
        ]
      },
      "locked": {
        "lastModified": 1756981260,
        "narHash": "sha256-GhuD9QVimjynHI0OOyZsqJsnlXr2orowh9H+HYz4YMs=",
        "ref": "refs/heads/master",
        "rev": "6eb12551baf924f8fdecdd04113863a754259c34",
        "revCount": 672,
        "type": "git",
        "url": "https://git.outfoxxed.me/quickshell/quickshell"
      },
      "original": {
        "type": "git",
        "url": "https://git.outfoxxed.me/quickshell/quickshell"
      }
    },
    "root": {
      "inputs": {
        "astal-shell": "astal-shell",
        "caelestia-cli": "caelestia-cli",
        "caelestia-shell": "caelestia-shell_2",
        "chaotic": "chaotic",
        "dankMaterialShell": "dankMaterialShell",
        "flake-parts": "flake-parts",
        "home-manager": "home-manager_2",
        "impermanence": "impermanence",
        "niri": "niri",
        "nix-ai-tools": "nix-ai-tools",
        "nix-flatpak": "nix-flatpak",
        "nix-secrets": "nix-secrets",
        "nixpkgs": "nixpkgs_3",
        "nixpkgs-small": "nixpkgs-small",
        "nur": "nur",
        "sops-nix": "sops-nix",
        "spicetify-nix": "spicetify-nix",
        "stylix": "stylix",
        "systems": "systems_4",
        "treefmt-nix": "treefmt-nix_2",
        "zen-browser": "zen-browser"
      }
    },
    "rust-overlay": {
      "inputs": {
        "nixpkgs": [
          "chaotic",
          "nixpkgs"
        ]
      },
      "locked": {
        "lastModified": 1759458749,
        "narHash": "sha256-WKnbJnm1B2+TO2ZUudgS39EzecQeLl4/bnRtd3y46LI=",
        "owner": "oxalica",
        "repo": "rust-overlay",
        "rev": "bbc3a8ae797d1700e57a4f4bcc4e79af727d4138",
        "type": "github"
      },
      "original": {
        "owner": "oxalica",
        "repo": "rust-overlay",
        "type": "github"
      }
    },
    "sops-nix": {
      "inputs": {
        "nixpkgs": [
          "nixpkgs"
        ]
      },
      "locked": {
        "lastModified": 1759188042,
        "narHash": "sha256-f9QC2KKiNReZDG2yyKAtDZh0rSK2Xp1wkPzKbHeQVRU=",
        "owner": "Mic92",
        "repo": "sops-nix",
        "rev": "9fcfabe085281dd793589bdc770a2e577a3caa5d",
        "type": "github"
      },
      "original": {
        "owner": "Mic92",
        "repo": "sops-nix",
        "type": "github"
      }
    },
    "spicetify-nix": {
      "inputs": {
        "nixpkgs": [
          "nixpkgs"
        ],
        "systems": "systems_2"
      },
      "locked": {
        "lastModified": 1759444170,
        "narHash": "sha256-b5ShONncU4Gf39QtaL5OySC9G2o612rTE/TCwx3kMeM=",
        "owner": "Gerg-L",
        "repo": "spicetify-nix",
        "rev": "e13267e8f3eb1664329fcb78a43b38b985f96f6f",
        "type": "github"
      },
      "original": {
        "owner": "Gerg-L",
        "repo": "spicetify-nix",
        "type": "github"
      }
    },
    "stylix": {
      "inputs": {
        "base16": "base16",
        "base16-fish": "base16-fish",
        "base16-helix": "base16-helix",
        "base16-vim": "base16-vim",
        "firefox-gnome-theme": "firefox-gnome-theme",
        "flake-parts": "flake-parts_2",
        "gnome-shell": "gnome-shell",
        "nixpkgs": [
          "nixpkgs"
        ],
        "nur": "nur_2",
        "systems": "systems_3",
        "tinted-foot": "tinted-foot",
        "tinted-kitty": "tinted-kitty",
        "tinted-schemes": "tinted-schemes",
        "tinted-tmux": "tinted-tmux",
        "tinted-zed": "tinted-zed"
      },
      "locked": {
        "lastModified": 1759404594,
        "narHash": "sha256-k9hd15rLqG7x3OCUPrcQtpleDlOyQjy16ZEseruypNQ=",
        "owner": "nix-community",
        "repo": "stylix",
        "rev": "3f70c5855572004f9c630ed4a92aa186755361be",
        "type": "github"
      },
      "original": {
        "owner": "nix-community",
        "repo": "stylix",
        "type": "github"
      }
    },
    "systems": {
      "locked": {
        "lastModified": 1681028828,
        "narHash": "sha256-Vy1rq5AaRuLzOxct8nz4T6wlgyUR7zLU309k9mBC768=",
        "owner": "nix-systems",
        "repo": "default",
        "rev": "da67096a3b9bf56a91d16901293e51ba5b49a27e",
        "type": "github"
      },
      "original": {
        "owner": "nix-systems",
        "repo": "default",
        "type": "github"
      }
    },
    "systems_2": {
      "locked": {
        "lastModified": 1681028828,
        "narHash": "sha256-Vy1rq5AaRuLzOxct8nz4T6wlgyUR7zLU309k9mBC768=",
        "owner": "nix-systems",
        "repo": "default",
        "rev": "da67096a3b9bf56a91d16901293e51ba5b49a27e",
        "type": "github"
      },
      "original": {
        "owner": "nix-systems",
        "repo": "default",
        "type": "github"
      }
    },
    "systems_3": {
      "locked": {
        "lastModified": 1681028828,
        "narHash": "sha256-Vy1rq5AaRuLzOxct8nz4T6wlgyUR7zLU309k9mBC768=",
        "owner": "nix-systems",
        "repo": "default",
        "rev": "da67096a3b9bf56a91d16901293e51ba5b49a27e",
        "type": "github"
      },
      "original": {
        "owner": "nix-systems",
        "repo": "default",
        "type": "github"
      }
    },
    "systems_4": {
      "locked": {
        "lastModified": 1689347949,
        "narHash": "sha256-12tWmuL2zgBgZkdoB6qXZsgJEH9LR3oUgpaQq2RbI80=",
        "owner": "nix-systems",
        "repo": "default-linux",
        "rev": "31732fcf5e8fea42e59c2488ad31a0e651500f68",
        "type": "github"
      },
      "original": {
        "owner": "nix-systems",
        "repo": "default-linux",
        "type": "github"
      }
    },
    "tinted-foot": {
      "flake": false,
      "locked": {
        "lastModified": 1726913040,
        "narHash": "sha256-+eDZPkw7efMNUf3/Pv0EmsidqdwNJ1TaOum6k7lngDQ=",
        "owner": "tinted-theming",
        "repo": "tinted-foot",
        "rev": "fd1b924b6c45c3e4465e8a849e67ea82933fcbe4",
        "type": "github"
      },
      "original": {
        "owner": "tinted-theming",
        "repo": "tinted-foot",
        "rev": "fd1b924b6c45c3e4465e8a849e67ea82933fcbe4",
        "type": "github"
      }
    },
    "tinted-kitty": {
      "flake": false,
      "locked": {
        "lastModified": 1735730497,
        "narHash": "sha256-4KtB+FiUzIeK/4aHCKce3V9HwRvYaxX+F1edUrfgzb8=",
        "owner": "tinted-theming",
        "repo": "tinted-kitty",
        "rev": "de6f888497f2c6b2279361bfc790f164bfd0f3fa",
        "type": "github"
      },
      "original": {
        "owner": "tinted-theming",
        "repo": "tinted-kitty",
        "type": "github"
      }
    },
    "tinted-schemes": {
      "flake": false,
      "locked": {
        "lastModified": 1757716333,
        "narHash": "sha256-d4km8W7w2zCUEmPAPUoLk1NlYrGODuVa3P7St+UrqkM=",
        "owner": "tinted-theming",
        "repo": "schemes",
        "rev": "317a5e10c35825a6c905d912e480dfe8e71c7559",
        "type": "github"
      },
      "original": {
        "owner": "tinted-theming",
        "repo": "schemes",
        "type": "github"
      }
    },
    "tinted-tmux": {
      "flake": false,
      "locked": {
        "lastModified": 1757811970,
        "narHash": "sha256-n5ZJgmzGZXOD9pZdAl1OnBu3PIqD+X3vEBUGbTi4JiI=",
        "owner": "tinted-theming",
        "repo": "tinted-tmux",
        "rev": "d217ba31c846006e9e0ae70775b0ee0f00aa6b1e",
        "type": "github"
      },
      "original": {
        "owner": "tinted-theming",
        "repo": "tinted-tmux",
        "type": "github"
      }
    },
    "tinted-zed": {
      "flake": false,
      "locked": {
        "lastModified": 1757811247,
        "narHash": "sha256-4EFOUyLj85NRL3OacHoLGEo0wjiRJzfsXtR4CZWAn6w=",
        "owner": "tinted-theming",
        "repo": "base16-zed",
        "rev": "824fe0aacf82b3c26690d14e8d2cedd56e18404e",
        "type": "github"
      },
      "original": {
        "owner": "tinted-theming",
        "repo": "base16-zed",
        "type": "github"
      }
    },
    "treefmt-nix": {
      "inputs": {
        "nixpkgs": [
          "nix-ai-tools",
          "nixpkgs"
        ]
      },
      "locked": {
        "lastModified": 1758728421,
        "narHash": "sha256-ySNJ008muQAds2JemiyrWYbwbG+V7S5wg3ZVKGHSFu8=",
        "owner": "numtide",
        "repo": "treefmt-nix",
        "rev": "5eda4ee8121f97b218f7cc73f5172098d458f1d1",
        "type": "github"
      },
      "original": {
        "owner": "numtide",
        "repo": "treefmt-nix",
        "type": "github"
      }
    },
    "treefmt-nix_2": {
      "inputs": {
        "nixpkgs": [
          "nixpkgs"
        ]
      },
      "locked": {
        "lastModified": 1758728421,
        "narHash": "sha256-ySNJ008muQAds2JemiyrWYbwbG+V7S5wg3ZVKGHSFu8=",
        "owner": "numtide",
        "repo": "treefmt-nix",
        "rev": "5eda4ee8121f97b218f7cc73f5172098d458f1d1",
        "type": "github"
      },
      "original": {
        "owner": "numtide",
        "repo": "treefmt-nix",
        "type": "github"
      }
    },
    "xwayland-satellite-stable": {
      "flake": false,
      "locked": {
        "lastModified": 1755491097,
        "narHash": "sha256-m+9tUfsmBeF2Gn4HWa6vSITZ4Gz1eA1F5Kh62B0N4oE=",
        "owner": "Supreeeme",
        "repo": "xwayland-satellite",
        "rev": "388d291e82ffbc73be18169d39470f340707edaa",
        "type": "github"
      },
      "original": {
        "owner": "Supreeeme",
        "ref": "v0.7",
        "repo": "xwayland-satellite",
        "type": "github"
      }
    },
    "xwayland-satellite-unstable": {
      "flake": false,
      "locked": {
        "lastModified": 1759449168,
        "narHash": "sha256-Ka18wfIaNvTN9sr+PBie6P83959Om4j5P62M4RwNeoY=",
        "owner": "Supreeeme",
        "repo": "xwayland-satellite",
        "rev": "da6693c88ab5edac2ec3c81730f112be67abe278",
        "type": "github"
      },
      "original": {
        "owner": "Supreeeme",
        "repo": "xwayland-satellite",
        "type": "github"
      }
    },
    "zen-browser": {
      "inputs": {
        "home-manager": "home-manager_3",
        "nixpkgs": [
          "nixpkgs"
        ]
      },
      "locked": {
        "lastModified": 1759560133,
        "narHash": "sha256-Igj7Pq8e1NwRmRe20fP6cMMHnAPZgM0lg4MGp1ACRa4=",
        "owner": "0xc000022070",
        "repo": "zen-browser-flake",
        "rev": "20cdafdc3765f48c65203f040c41b663b6ea6a34",
        "type": "github"
      },
      "original": {
        "owner": "0xc000022070",
        "repo": "zen-browser-flake",
        "type": "github"
      }
    }
  },
  "root": "root",
  "version": 7
}
